
Microsoft Visual Studio Solution File, Format Version 12.00
# Visual Studio Version 17
VisualStudioVersion = 17.4.33205.214
MinimumVisualStudioVersion = 10.0.40219.1
Project("{9A19103F-16F7-4668-BE54-9A1E7A4F7556}") = "LibWEB", "LibWEB.csproj", "{5AC8C1B1-7D71-4CFC-A940-1FCD84A50108}"
EndProject
Global
	GlobalSection(SolutionConfigurationPlatforms) = preSolution
		Debug|Any CPU = Debug|Any CPU
		Release|Any CPU = Release|Any CPU
	EndGlobalSection
	GlobalSection(ProjectConfigurationPlatforms) = postSolution
		{5AC8C1B1-7D71-4CFC-A940-1FCD84A50108}.Debug|Any CPU.ActiveCfg = Debug|Any CPU
		{5AC8C1B1-7D71-4CFC-A940-1FCD84A50108}.Debug|Any CPU.Build.0 = Debug|Any CPU
		{5AC8C1B1-7D71-4CFC-A940-1FCD84A50108}.Release|Any CPU.ActiveCfg = Release|Any CPU
		{5AC8C1B1-7D71-4CFC-A940-1FCD84A50108}.Release|Any CPU.Build.0 = Release|Any CPU
	EndGlobalSection
	GlobalSection(SolutionProperties) = preSolution
		HideSolutionNode = FALSE
	EndGlobalSection
	GlobalSection(ExtensibilityGlobals) = postSolution
		SolutionGuid = {24CD4E5D-6937-428D-9674-8D145AC05EBC}
	EndGlobalSection
EndGlobal
